// !$*UTF8*$!
{
	archiveVersion = 1;
	classes = {
	};
	objectVersion = 51;
	objects = {

/* Begin PBXBuildFile section */
		70B1E239D89FB6AF37C0D1A1 /* Pods_TinderDinner.framework in Frameworks */ = {isa = PBXBuildFile; fileRef = 5794A3FE2F2B36E6EFFAB4A9 /* Pods_TinderDinner.framework */; };
		D03268FE25F51916005F81BA /* PreloadManager.swift in Sources */ = {isa = PBXBuildFile; fileRef = D03268FD25F51916005F81BA /* PreloadManager.swift */; };
		D04CC43925D04CF000BCAC81 /* AppDelegate.swift in Sources */ = {isa = PBXBuildFile; fileRef = D04CC43825D04CF000BCAC81 /* AppDelegate.swift */; };
		D04CC43B25D04CF000BCAC81 /* SceneDelegate.swift in Sources */ = {isa = PBXBuildFile; fileRef = D04CC43A25D04CF000BCAC81 /* SceneDelegate.swift */; };
		D04CC43D25D04CF000BCAC81 /* CardViewController.swift in Sources */ = {isa = PBXBuildFile; fileRef = D04CC43C25D04CF000BCAC81 /* CardViewController.swift */; };
		D04CC44025D04CF000BCAC81 /* Main.storyboard in Resources */ = {isa = PBXBuildFile; fileRef = D04CC43E25D04CF000BCAC81 /* Main.storyboard */; };
		D04CC44325D04CF000BCAC81 /* TinderDinner.xcdatamodeld in Sources */ = {isa = PBXBuildFile; fileRef = D04CC44125D04CF000BCAC81 /* TinderDinner.xcdatamodeld */; };
		D04CC44525D04CF500BCAC81 /* Assets.xcassets in Resources */ = {isa = PBXBuildFile; fileRef = D04CC44425D04CF500BCAC81 /* Assets.xcassets */; };
		D04CC44825D04CF500BCAC81 /* LaunchScreen.storyboard in Resources */ = {isa = PBXBuildFile; fileRef = D04CC44625D04CF500BCAC81 /* LaunchScreen.storyboard */; };
		D04CC45525D1294300BCAC81 /* SettingsViewController.swift in Sources */ = {isa = PBXBuildFile; fileRef = D04CC45425D1294300BCAC81 /* SettingsViewController.swift */; };
		D055C95125F9329600D333E5 /* DinnerInfoCell.swift in Sources */ = {isa = PBXBuildFile; fileRef = D055C94F25F9329600D333E5 /* DinnerInfoCell.swift */; };
		D055C95225F9329600D333E5 /* DinnerInfoCell.xib in Resources */ = {isa = PBXBuildFile; fileRef = D055C95025F9329600D333E5 /* DinnerInfoCell.xib */; };
		D059D14E25D12E9E00285279 /* SettingsTableViewCell.swift in Sources */ = {isa = PBXBuildFile; fileRef = D059D14C25D12E9E00285279 /* SettingsTableViewCell.swift */; };
		D059D14F25D12E9E00285279 /* SettingsTableViewCell.xib in Resources */ = {isa = PBXBuildFile; fileRef = D059D14D25D12E9E00285279 /* SettingsTableViewCell.xib */; };
		D059D15425D136C500285279 /* SettingsManager.swift in Sources */ = {isa = PBXBuildFile; fileRef = D059D15325D136C500285279 /* SettingsManager.swift */; };
		D059D15B25D1395800285279 /* DatabaseManager.swift in Sources */ = {isa = PBXBuildFile; fileRef = D059D15A25D1395800285279 /* DatabaseManager.swift */; };
		D059D16825D1790000285279 /* FilterSettingsViewController.swift in Sources */ = {isa = PBXBuildFile; fileRef = D059D16725D1790000285279 /* FilterSettingsViewController.swift */; };
		D059D1A925D6A90A00285279 /* FirebaseManager.swift in Sources */ = {isa = PBXBuildFile; fileRef = D059D1A825D6A90A00285279 /* FirebaseManager.swift */; };
		D059D1AC25DA98FC00285279 /* GoogleService-Info.plist in Resources */ = {isa = PBXBuildFile; fileRef = D059D1AB25DA98FC00285279 /* GoogleService-Info.plist */; };
		D059D1AF25DEA41C00285279 /* SelectedDinnerViewController.swift in Sources */ = {isa = PBXBuildFile; fileRef = D059D1AE25DEA41C00285279 /* SelectedDinnerViewController.swift */; };
		D059D1C925E1553D00285279 /* ViewExtenstion.swift in Sources */ = {isa = PBXBuildFile; fileRef = D059D1C825E1553D00285279 /* ViewExtenstion.swift */; };
		D059D1EB25E2884900285279 /* GroupStructure.swift in Sources */ = {isa = PBXBuildFile; fileRef = D059D1EA25E2884900285279 /* GroupStructure.swift */; };
		D059D20225E289E700285279 /* GroupStructureManager.swift in Sources */ = {isa = PBXBuildFile; fileRef = D059D20125E289E700285279 /* GroupStructureManager.swift */; };
		D059D20825E2D01C00285279 /* HeaderView.swift in Sources */ = {isa = PBXBuildFile; fileRef = D059D20725E2D01C00285279 /* HeaderView.swift */; };
		D059D20B25E2D75500285279 /* StretchyHeaderLayout.swift in Sources */ = {isa = PBXBuildFile; fileRef = D059D20A25E2D75500285279 /* StretchyHeaderLayout.swift */; };
		D059D21025E3F62800285279 /* DinnerYesListViewController.swift in Sources */ = {isa = PBXBuildFile; fileRef = D059D20F25E3F62800285279 /* DinnerYesListViewController.swift */; };
		D059D21725E3FC2D00285279 /* DinnerListTableViewCell.swift in Sources */ = {isa = PBXBuildFile; fileRef = D059D21525E3FC2D00285279 /* DinnerListTableViewCell.swift */; };
		D059D21825E3FC2D00285279 /* DinnerListTableViewCell.xib in Resources */ = {isa = PBXBuildFile; fileRef = D059D21625E3FC2D00285279 /* DinnerListTableViewCell.xib */; };
		D070AF4D25E5806300969981 /* UIDeviceExtension.swift in Sources */ = {isa = PBXBuildFile; fileRef = D070AF4C25E5806200969981 /* UIDeviceExtension.swift */; };
		D090426425E5A804008DF8A2 /* FavouritesViewController.swift in Sources */ = {isa = PBXBuildFile; fileRef = D090426325E5A804008DF8A2 /* FavouritesViewController.swift */; };
		D090426825E5ABF0008DF8A2 /* FavouritesTableViewCell.swift in Sources */ = {isa = PBXBuildFile; fileRef = D090426625E5ABEF008DF8A2 /* FavouritesTableViewCell.swift */; };
		D090426925E5ABF0008DF8A2 /* FavouritesTableViewCell.xib in Resources */ = {isa = PBXBuildFile; fileRef = D090426725E5ABEF008DF8A2 /* FavouritesTableViewCell.xib */; };
		D090427825E73540008DF8A2 /* FilterTableViewCell.swift in Sources */ = {isa = PBXBuildFile; fileRef = D090427625E73540008DF8A2 /* FilterTableViewCell.swift */; };
		D090427925E73540008DF8A2 /* FilterTableViewCell.xib in Resources */ = {isa = PBXBuildFile; fileRef = D090427725E73540008DF8A2 /* FilterTableViewCell.xib */; };
		D090428225E7716A008DF8A2 /* allergens.plist in Resources */ = {isa = PBXBuildFile; fileRef = D090428125E77169008DF8A2 /* allergens.plist */; };
		D090428525EB7C93008DF8A2 /* SwipeSettingsViewController.swift in Sources */ = {isa = PBXBuildFile; fileRef = D090428425EB7C93008DF8A2 /* SwipeSettingsViewController.swift */; };
		D090428A25EC9E2C008DF8A2 /* MultiUserSettingsViewController.swift in Sources */ = {isa = PBXBuildFile; fileRef = D090428925EC9E2B008DF8A2 /* MultiUserSettingsViewController.swift */; };
		D090428E25EC9E45008DF8A2 /* MultiUserAllergensViewController.swift in Sources */ = {isa = PBXBuildFile; fileRef = D090428D25EC9E45008DF8A2 /* MultiUserAllergensViewController.swift */; };
		D09042AB25EDDDAB008DF8A2 /* Dinner+CoreDataClass.swift in Sources */ = {isa = PBXBuildFile; fileRef = D09042AA25EDDDAA008DF8A2 /* Dinner+CoreDataClass.swift */; };
		D09042AC25EDDDAB008DF8A2 /* Dinner+CoreDataProperties.swift in Sources */ = {isa = PBXBuildFile; fileRef = D09042A925EDDDAA008DF8A2 /* Dinner+CoreDataProperties.swift */; };
/* End PBXBuildFile section */

/* Begin PBXFileReference section */
		5794A3FE2F2B36E6EFFAB4A9 /* Pods_TinderDinner.framework */ = {isa = PBXFileReference; explicitFileType = wrapper.framework; includeInIndex = 0; path = Pods_TinderDinner.framework; sourceTree = BUILT_PRODUCTS_DIR; };
		C6FBA5618E9473D53F2B4A25 /* Pods-TinderDinner.debug.xcconfig */ = {isa = PBXFileReference; includeInIndex = 1; lastKnownFileType = text.xcconfig; name = "Pods-TinderDinner.debug.xcconfig"; path = "Target Support Files/Pods-TinderDinner/Pods-TinderDinner.debug.xcconfig"; sourceTree = "<group>"; };
		D03268FA25F4F574005F81BA /* libsqlite3.tbd */ = {isa = PBXFileReference; lastKnownFileType = "sourcecode.text-based-dylib-definition"; name = libsqlite3.tbd; path = usr/lib/libsqlite3.tbd; sourceTree = SDKROOT; };
		D03268FD25F51916005F81BA /* PreloadManager.swift */ = {isa = PBXFileReference; lastKnownFileType = sourcecode.swift; path = PreloadManager.swift; sourceTree = "<group>"; };
		D04CC43525D04CF000BCAC81 /* TinderDinner.app */ = {isa = PBXFileReference; explicitFileType = wrapper.application; includeInIndex = 0; path = TinderDinner.app; sourceTree = BUILT_PRODUCTS_DIR; };
		D04CC43825D04CF000BCAC81 /* AppDelegate.swift */ = {isa = PBXFileReference; lastKnownFileType = sourcecode.swift; path = AppDelegate.swift; sourceTree = "<group>"; };
		D04CC43A25D04CF000BCAC81 /* SceneDelegate.swift */ = {isa = PBXFileReference; lastKnownFileType = sourcecode.swift; path = SceneDelegate.swift; sourceTree = "<group>"; };
		D04CC43C25D04CF000BCAC81 /* CardViewController.swift */ = {isa = PBXFileReference; lastKnownFileType = sourcecode.swift; path = CardViewController.swift; sourceTree = "<group>"; };
		D04CC43F25D04CF000BCAC81 /* Base */ = {isa = PBXFileReference; lastKnownFileType = file.storyboard; name = Base; path = Base.lproj/Main.storyboard; sourceTree = "<group>"; };
		D04CC44225D04CF000BCAC81 /* TinderDinner.xcdatamodel */ = {isa = PBXFileReference; lastKnownFileType = wrapper.xcdatamodel; path = TinderDinner.xcdatamodel; sourceTree = "<group>"; };
		D04CC44425D04CF500BCAC81 /* Assets.xcassets */ = {isa = PBXFileReference; lastKnownFileType = folder.assetcatalog; path = Assets.xcassets; sourceTree = "<group>"; };
		D04CC44725D04CF500BCAC81 /* Base */ = {isa = PBXFileReference; lastKnownFileType = file.storyboard; name = Base; path = Base.lproj/LaunchScreen.storyboard; sourceTree = "<group>"; };
		D04CC44925D04CF500BCAC81 /* Info.plist */ = {isa = PBXFileReference; lastKnownFileType = text.plist.xml; path = Info.plist; sourceTree = "<group>"; };
		D04CC45425D1294300BCAC81 /* SettingsViewController.swift */ = {isa = PBXFileReference; lastKnownFileType = sourcecode.swift; path = SettingsViewController.swift; sourceTree = "<group>"; };
		D055C94F25F9329600D333E5 /* DinnerInfoCell.swift */ = {isa = PBXFileReference; lastKnownFileType = sourcecode.swift; path = DinnerInfoCell.swift; sourceTree = "<group>"; };
		D055C95025F9329600D333E5 /* DinnerInfoCell.xib */ = {isa = PBXFileReference; lastKnownFileType = file.xib; path = DinnerInfoCell.xib; sourceTree = "<group>"; };
		D059D14C25D12E9E00285279 /* SettingsTableViewCell.swift */ = {isa = PBXFileReference; lastKnownFileType = sourcecode.swift; path = SettingsTableViewCell.swift; sourceTree = "<group>"; };
		D059D14D25D12E9E00285279 /* SettingsTableViewCell.xib */ = {isa = PBXFileReference; lastKnownFileType = file.xib; path = SettingsTableViewCell.xib; sourceTree = "<group>"; };
		D059D15325D136C500285279 /* SettingsManager.swift */ = {isa = PBXFileReference; lastKnownFileType = sourcecode.swift; path = SettingsManager.swift; sourceTree = "<group>"; };
		D059D15A25D1395800285279 /* DatabaseManager.swift */ = {isa = PBXFileReference; lastKnownFileType = sourcecode.swift; path = DatabaseManager.swift; sourceTree = "<group>"; };
		D059D16725D1790000285279 /* FilterSettingsViewController.swift */ = {isa = PBXFileReference; lastKnownFileType = sourcecode.swift; path = FilterSettingsViewController.swift; sourceTree = "<group>"; };
		D059D1A825D6A90A00285279 /* FirebaseManager.swift */ = {isa = PBXFileReference; lastKnownFileType = sourcecode.swift; path = FirebaseManager.swift; sourceTree = "<group>"; };
		D059D1AB25DA98FC00285279 /* GoogleService-Info.plist */ = {isa = PBXFileReference; fileEncoding = 4; lastKnownFileType = text.plist.xml; path = "GoogleService-Info.plist"; sourceTree = "<group>"; };
		D059D1AE25DEA41C00285279 /* SelectedDinnerViewController.swift */ = {isa = PBXFileReference; lastKnownFileType = sourcecode.swift; path = SelectedDinnerViewController.swift; sourceTree = "<group>"; };
		D059D1C825E1553D00285279 /* ViewExtenstion.swift */ = {isa = PBXFileReference; lastKnownFileType = sourcecode.swift; path = ViewExtenstion.swift; sourceTree = "<group>"; };
		D059D1EA25E2884900285279 /* GroupStructure.swift */ = {isa = PBXFileReference; lastKnownFileType = sourcecode.swift; path = GroupStructure.swift; sourceTree = "<group>"; };
		D059D20125E289E700285279 /* GroupStructureManager.swift */ = {isa = PBXFileReference; lastKnownFileType = sourcecode.swift; path = GroupStructureManager.swift; sourceTree = "<group>"; };
		D059D20725E2D01C00285279 /* HeaderView.swift */ = {isa = PBXFileReference; lastKnownFileType = sourcecode.swift; path = HeaderView.swift; sourceTree = "<group>"; };
		D059D20A25E2D75500285279 /* StretchyHeaderLayout.swift */ = {isa = PBXFileReference; lastKnownFileType = sourcecode.swift; path = StretchyHeaderLayout.swift; sourceTree = "<group>"; };
		D059D20F25E3F62800285279 /* DinnerYesListViewController.swift */ = {isa = PBXFileReference; lastKnownFileType = sourcecode.swift; path = DinnerYesListViewController.swift; sourceTree = "<group>"; };
		D059D21525E3FC2D00285279 /* DinnerListTableViewCell.swift */ = {isa = PBXFileReference; lastKnownFileType = sourcecode.swift; path = DinnerListTableViewCell.swift; sourceTree = "<group>"; };
		D059D21625E3FC2D00285279 /* DinnerListTableViewCell.xib */ = {isa = PBXFileReference; lastKnownFileType = file.xib; path = DinnerListTableViewCell.xib; sourceTree = "<group>"; };
		D070AF4C25E5806200969981 /* UIDeviceExtension.swift */ = {isa = PBXFileReference; lastKnownFileType = sourcecode.swift; path = UIDeviceExtension.swift; sourceTree = "<group>"; };
		D090426325E5A804008DF8A2 /* FavouritesViewController.swift */ = {isa = PBXFileReference; lastKnownFileType = sourcecode.swift; path = FavouritesViewController.swift; sourceTree = "<group>"; };
		D090426625E5ABEF008DF8A2 /* FavouritesTableViewCell.swift */ = {isa = PBXFileReference; lastKnownFileType = sourcecode.swift; path = FavouritesTableViewCell.swift; sourceTree = "<group>"; };
		D090426725E5ABEF008DF8A2 /* FavouritesTableViewCell.xib */ = {isa = PBXFileReference; lastKnownFileType = file.xib; path = FavouritesTableViewCell.xib; sourceTree = "<group>"; };
		D090427625E73540008DF8A2 /* FilterTableViewCell.swift */ = {isa = PBXFileReference; lastKnownFileType = sourcecode.swift; path = FilterTableViewCell.swift; sourceTree = "<group>"; };
		D090427725E73540008DF8A2 /* FilterTableViewCell.xib */ = {isa = PBXFileReference; lastKnownFileType = file.xib; path = FilterTableViewCell.xib; sourceTree = "<group>"; };
		D090428125E77169008DF8A2 /* allergens.plist */ = {isa = PBXFileReference; lastKnownFileType = text.plist.xml; path = allergens.plist; sourceTree = "<group>"; };
		D090428425EB7C93008DF8A2 /* SwipeSettingsViewController.swift */ = {isa = PBXFileReference; lastKnownFileType = sourcecode.swift; path = SwipeSettingsViewController.swift; sourceTree = "<group>"; };
		D090428925EC9E2B008DF8A2 /* MultiUserSettingsViewController.swift */ = {isa = PBXFileReference; lastKnownFileType = sourcecode.swift; path = MultiUserSettingsViewController.swift; sourceTree = "<group>"; };
		D090428D25EC9E45008DF8A2 /* MultiUserAllergensViewController.swift */ = {isa = PBXFileReference; lastKnownFileType = sourcecode.swift; path = MultiUserAllergensViewController.swift; sourceTree = "<group>"; };
		D09042A925EDDDAA008DF8A2 /* Dinner+CoreDataProperties.swift */ = {isa = PBXFileReference; lastKnownFileType = sourcecode.swift; name = "Dinner+CoreDataProperties.swift"; path = "/Users/henrikbouwerknudsen/Documents/Sabulu/MiddagTinder/TinderDinner/TinderDinner/TinderDinner/Model/CoreDataClasses/Dinner+CoreDataProperties.swift"; sourceTree = "<absolute>"; };
		D09042AA25EDDDAA008DF8A2 /* Dinner+CoreDataClass.swift */ = {isa = PBXFileReference; lastKnownFileType = sourcecode.swift; name = "Dinner+CoreDataClass.swift"; path = "/Users/henrikbouwerknudsen/Documents/Sabulu/MiddagTinder/TinderDinner/TinderDinner/TinderDinner/Model/CoreDataClasses/Dinner+CoreDataClass.swift"; sourceTree = "<absolute>"; };
		E59F4DDF2CDDEC363E2F3882 /* Pods-TinderDinner.release.xcconfig */ = {isa = PBXFileReference; includeInIndex = 1; lastKnownFileType = text.xcconfig; name = "Pods-TinderDinner.release.xcconfig"; path = "Target Support Files/Pods-TinderDinner/Pods-TinderDinner.release.xcconfig"; sourceTree = "<group>"; };
/* End PBXFileReference section */

/* Begin PBXFrameworksBuildPhase section */
		D04CC43225D04CF000BCAC81 /* Frameworks */ = {
			isa = PBXFrameworksBuildPhase;
			buildActionMask = 2147483647;
			files = (
				70B1E239D89FB6AF37C0D1A1 /* Pods_TinderDinner.framework in Frameworks */,
			);
			runOnlyForDeploymentPostprocessing = 0;
		};
/* End PBXFrameworksBuildPhase section */

/* Begin PBXGroup section */
		44CEAB3B252100BF39C0AA12 /* Frameworks */ = {
			isa = PBXGroup;
			children = (
				D03268FA25F4F574005F81BA /* libsqlite3.tbd */,
				5794A3FE2F2B36E6EFFAB4A9 /* Pods_TinderDinner.framework */,
			);
			name = Frameworks;
			sourceTree = "<group>";
		};
		D032690225F618BC005F81BA /* DinnerList */ = {
			isa = PBXGroup;
			children = (
				D059D21525E3FC2D00285279 /* DinnerListTableViewCell.swift */,
				D059D21625E3FC2D00285279 /* DinnerListTableViewCell.xib */,
			);
			path = DinnerList;
			sourceTree = "<group>";
		};
		D032690325F618CD005F81BA /* Filter */ = {
			isa = PBXGroup;
			children = (
				D090427625E73540008DF8A2 /* FilterTableViewCell.swift */,
				D090427725E73540008DF8A2 /* FilterTableViewCell.xib */,
			);
			path = Filter;
			sourceTree = "<group>";
		};
		D032690425F618E0005F81BA /* Favourites */ = {
			isa = PBXGroup;
			children = (
				D090426625E5ABEF008DF8A2 /* FavouritesTableViewCell.swift */,
				D090426725E5ABEF008DF8A2 /* FavouritesTableViewCell.xib */,
			);
			path = Favourites;
			sourceTree = "<group>";
		};
		D032690C25F61912005F81BA /* SelectedDinner */ = {
			isa = PBXGroup;
			children = (
				D055C94F25F9329600D333E5 /* DinnerInfoCell.swift */,
				D055C95025F9329600D333E5 /* DinnerInfoCell.xib */,
			);
			path = SelectedDinner;
			sourceTree = "<group>";
		};
		D04CC42C25D04CF000BCAC81 = {
			isa = PBXGroup;
			children = (
				D04CC43725D04CF000BCAC81 /* TinderDinner */,
				D04CC43625D04CF000BCAC81 /* Products */,
				E8AE9B230468F04FA9ADCCCE /* Pods */,
				44CEAB3B252100BF39C0AA12 /* Frameworks */,
			);
			sourceTree = "<group>";
		};
		D04CC43625D04CF000BCAC81 /* Products */ = {
			isa = PBXGroup;
			children = (
				D04CC43525D04CF000BCAC81 /* TinderDinner.app */,
			);
			name = Products;
			sourceTree = "<group>";
		};
		D04CC43725D04CF000BCAC81 /* TinderDinner */ = {
			isa = PBXGroup;
			children = (
				D059D1C725E1552800285279 /* Extensions */,
				D04CC45325D128DF00BCAC81 /* Model */,
				D04CC45225D128DA00BCAC81 /* View */,
				D04CC45125D128D200BCAC81 /* Controller */,
				D04CC43825D04CF000BCAC81 /* AppDelegate.swift */,
				D04CC44425D04CF500BCAC81 /* Assets.xcassets */,
				D04CC43A25D04CF000BCAC81 /* SceneDelegate.swift */,
				D04CC44925D04CF500BCAC81 /* Info.plist */,
				D059D1AB25DA98FC00285279 /* GoogleService-Info.plist */,
			);
			path = TinderDinner;
			sourceTree = "<group>";
		};
		D04CC45125D128D200BCAC81 /* Controller */ = {
			isa = PBXGroup;
			children = (
				D059D21225E3F63000285279 /* DinnerControllers */,
				D059D16625D178E600285279 /* SettingsTab */,
				D04CC43C25D04CF000BCAC81 /* CardViewController.swift */,
			);
			path = Controller;
			sourceTree = "<group>";
		};
		D04CC45225D128DA00BCAC81 /* View */ = {
			isa = PBXGroup;
			children = (
				D059D21A25E3FCDF00285279 /* TableViewCells */,
				D059D20D25E2DB8B00285279 /* CollectionViewHeader */,
				D04CC43E25D04CF000BCAC81 /* Main.storyboard */,
				D04CC44625D04CF500BCAC81 /* LaunchScreen.storyboard */,
				D059D14D25D12E9E00285279 /* SettingsTableViewCell.xib */,
			);
			path = View;
			sourceTree = "<group>";
		};
		D04CC45325D128DF00BCAC81 /* Model */ = {
			isa = PBXGroup;
			children = (
				D059D20025E289D000285279 /* GroupModels */,
				D059D16225D139D400285279 /* CoreDataClasses */,
				D059D15325D136C500285279 /* SettingsManager.swift */,
				D059D1A825D6A90A00285279 /* FirebaseManager.swift */,
				D090428125E77169008DF8A2 /* allergens.plist */,
			);
			path = Model;
			sourceTree = "<group>";
		};
		D059D16225D139D400285279 /* CoreDataClasses */ = {
			isa = PBXGroup;
			children = (
				D09042AA25EDDDAA008DF8A2 /* Dinner+CoreDataClass.swift */,
				D09042A925EDDDAA008DF8A2 /* Dinner+CoreDataProperties.swift */,
				D04CC44125D04CF000BCAC81 /* TinderDinner.xcdatamodeld */,
				D059D15A25D1395800285279 /* DatabaseManager.swift */,
				D03268FD25F51916005F81BA /* PreloadManager.swift */,
			);
			path = CoreDataClasses;
			sourceTree = "<group>";
		};
		D059D16625D178E600285279 /* SettingsTab */ = {
			isa = PBXGroup;
			children = (
				D090428725EC9D6C008DF8A2 /* CreateMultiuserSessionSettings */,
				D04CC45425D1294300BCAC81 /* SettingsViewController.swift */,
				D059D16725D1790000285279 /* FilterSettingsViewController.swift */,
				D090426325E5A804008DF8A2 /* FavouritesViewController.swift */,
				D090428425EB7C93008DF8A2 /* SwipeSettingsViewController.swift */,
			);
			path = SettingsTab;
			sourceTree = "<group>";
		};
		D059D1C725E1552800285279 /* Extensions */ = {
			isa = PBXGroup;
			children = (
				D059D1C825E1553D00285279 /* ViewExtenstion.swift */,
				D070AF4C25E5806200969981 /* UIDeviceExtension.swift */,
			);
			path = Extensions;
			sourceTree = "<group>";
		};
		D059D20025E289D000285279 /* GroupModels */ = {
			isa = PBXGroup;
			children = (
				D059D1EA25E2884900285279 /* GroupStructure.swift */,
				D059D20125E289E700285279 /* GroupStructureManager.swift */,
			);
			path = GroupModels;
			sourceTree = "<group>";
		};
		D059D20D25E2DB8B00285279 /* CollectionViewHeader */ = {
			isa = PBXGroup;
			children = (
				D059D20725E2D01C00285279 /* HeaderView.swift */,
				D059D20A25E2D75500285279 /* StretchyHeaderLayout.swift */,
			);
			path = CollectionViewHeader;
			sourceTree = "<group>";
		};
		D059D21225E3F63000285279 /* DinnerControllers */ = {
			isa = PBXGroup;
			children = (
				D059D20F25E3F62800285279 /* DinnerYesListViewController.swift */,
				D059D1AE25DEA41C00285279 /* SelectedDinnerViewController.swift */,
			);
			path = DinnerControllers;
			sourceTree = "<group>";
		};
		D059D21A25E3FCDF00285279 /* TableViewCells */ = {
			isa = PBXGroup;
			children = (
				D032690C25F61912005F81BA /* SelectedDinner */,
				D032690425F618E0005F81BA /* Favourites */,
				D032690325F618CD005F81BA /* Filter */,
				D032690225F618BC005F81BA /* DinnerList */,
				D059D14C25D12E9E00285279 /* SettingsTableViewCell.swift */,
			);
			path = TableViewCells;
			sourceTree = "<group>";
		};
		D090428725EC9D6C008DF8A2 /* CreateMultiuserSessionSettings */ = {
			isa = PBXGroup;
			children = (
				D090428925EC9E2B008DF8A2 /* MultiUserSettingsViewController.swift */,
				D090428D25EC9E45008DF8A2 /* MultiUserAllergensViewController.swift */,
			);
			path = CreateMultiuserSessionSettings;
			sourceTree = "<group>";
		};
		E8AE9B230468F04FA9ADCCCE /* Pods */ = {
			isa = PBXGroup;
			children = (
				C6FBA5618E9473D53F2B4A25 /* Pods-TinderDinner.debug.xcconfig */,
				E59F4DDF2CDDEC363E2F3882 /* Pods-TinderDinner.release.xcconfig */,
			);
			path = Pods;
			sourceTree = "<group>";
		};
/* End PBXGroup section */

/* Begin PBXNativeTarget section */
		D04CC43425D04CF000BCAC81 /* TinderDinner */ = {
			isa = PBXNativeTarget;
			buildConfigurationList = D04CC44C25D04CF500BCAC81 /* Build configuration list for PBXNativeTarget "TinderDinner" */;
			buildPhases = (
				4C9BE998FDA4BD401E2E38DB /* [CP] Check Pods Manifest.lock */,
				D04CC43125D04CF000BCAC81 /* Sources */,
				D04CC43225D04CF000BCAC81 /* Frameworks */,
				D04CC43325D04CF000BCAC81 /* Resources */,
				B2357E3DACF9A00366EAD858 /* [CP] Embed Pods Frameworks */,
			);
			buildRules = (
			);
			dependencies = (
			);
			name = TinderDinner;
			productName = TinderDinner;
			productReference = D04CC43525D04CF000BCAC81 /* TinderDinner.app */;
			productType = "com.apple.product-type.application";
		};
/* End PBXNativeTarget section */

/* Begin PBXProject section */
		D04CC42D25D04CF000BCAC81 /* Project object */ = {
			isa = PBXProject;
			attributes = {
				LastSwiftUpdateCheck = 1230;
				LastUpgradeCheck = 1230;
				TargetAttributes = {
					D04CC43425D04CF000BCAC81 = {
						CreatedOnToolsVersion = 12.3;
					};
				};
			};
			buildConfigurationList = D04CC43025D04CF000BCAC81 /* Build configuration list for PBXProject "TinderDinner" */;
			compatibilityVersion = "Xcode 9.3";
			developmentRegion = en;
			hasScannedForEncodings = 0;
			knownRegions = (
				en,
				Base,
			);
			mainGroup = D04CC42C25D04CF000BCAC81;
			productRefGroup = D04CC43625D04CF000BCAC81 /* Products */;
			projectDirPath = "";
			projectRoot = "";
			targets = (
				D04CC43425D04CF000BCAC81 /* TinderDinner */,
			);
		};
/* End PBXProject section */

/* Begin PBXResourcesBuildPhase section */
		D04CC43325D04CF000BCAC81 /* Resources */ = {
			isa = PBXResourcesBuildPhase;
			buildActionMask = 2147483647;
			files = (
				D04CC44825D04CF500BCAC81 /* LaunchScreen.storyboard in Resources */,
				D090427925E73540008DF8A2 /* FilterTableViewCell.xib in Resources */,
				D059D21825E3FC2D00285279 /* DinnerListTableViewCell.xib in Resources */,
				D090426925E5ABF0008DF8A2 /* FavouritesTableViewCell.xib in Resources */,
				D04CC44525D04CF500BCAC81 /* Assets.xcassets in Resources */,
				D059D1AC25DA98FC00285279 /* GoogleService-Info.plist in Resources */,
				D059D14F25D12E9E00285279 /* SettingsTableViewCell.xib in Resources */,
				D090428225E7716A008DF8A2 /* allergens.plist in Resources */,
				D04CC44025D04CF000BCAC81 /* Main.storyboard in Resources */,
				D055C95225F9329600D333E5 /* DinnerInfoCell.xib in Resources */,
			);
			runOnlyForDeploymentPostprocessing = 0;
		};
/* End PBXResourcesBuildPhase section */

/* Begin PBXShellScriptBuildPhase section */
		4C9BE998FDA4BD401E2E38DB /* [CP] Check Pods Manifest.lock */ = {
			isa = PBXShellScriptBuildPhase;
			buildActionMask = 2147483647;
			files = (
			);
			inputFileListPaths = (
			);
			inputPaths = (
				"${PODS_PODFILE_DIR_PATH}/Podfile.lock",
				"${PODS_ROOT}/Manifest.lock",
			);
			name = "[CP] Check Pods Manifest.lock";
			outputFileListPaths = (
			);
			outputPaths = (
				"$(DERIVED_FILE_DIR)/Pods-TinderDinner-checkManifestLockResult.txt",
			);
			runOnlyForDeploymentPostprocessing = 0;
			shellPath = /bin/sh;
			shellScript = "diff \"${PODS_PODFILE_DIR_PATH}/Podfile.lock\" \"${PODS_ROOT}/Manifest.lock\" > /dev/null\nif [ $? != 0 ] ; then\n    # print error to STDERR\n    echo \"error: The sandbox is not in sync with the Podfile.lock. Run 'pod install' or update your CocoaPods installation.\" >&2\n    exit 1\nfi\n# This output is used by Xcode 'outputs' to avoid re-running this script phase.\necho \"SUCCESS\" > \"${SCRIPT_OUTPUT_FILE_0}\"\n";
			showEnvVarsInLog = 0;
		};
		B2357E3DACF9A00366EAD858 /* [CP] Embed Pods Frameworks */ = {
			isa = PBXShellScriptBuildPhase;
			buildActionMask = 2147483647;
			files = (
			);
			inputFileListPaths = (
				"${PODS_ROOT}/Target Support Files/Pods-TinderDinner/Pods-TinderDinner-frameworks-${CONFIGURATION}-input-files.xcfilelist",
			);
			name = "[CP] Embed Pods Frameworks";
			outputFileListPaths = (
				"${PODS_ROOT}/Target Support Files/Pods-TinderDinner/Pods-TinderDinner-frameworks-${CONFIGURATION}-output-files.xcfilelist",
			);
			runOnlyForDeploymentPostprocessing = 0;
			shellPath = /bin/sh;
			shellScript = "\"${PODS_ROOT}/Target Support Files/Pods-TinderDinner/Pods-TinderDinner-frameworks.sh\"\n";
			showEnvVarsInLog = 0;
		};
/* End PBXShellScriptBuildPhase section */

/* Begin PBXSourcesBuildPhase section */
		D04CC43125D04CF000BCAC81 /* Sources */ = {
			isa = PBXSourcesBuildPhase;
			buildActionMask = 2147483647;
			files = (
				D059D1A925D6A90A00285279 /* FirebaseManager.swift in Sources */,
				D059D1AF25DEA41C00285279 /* SelectedDinnerViewController.swift in Sources */,
				D059D15B25D1395800285279 /* DatabaseManager.swift in Sources */,
				D059D1C925E1553D00285279 /* ViewExtenstion.swift in Sources */,
				D055C95125F9329600D333E5 /* DinnerInfoCell.swift in Sources */,
				D059D1EB25E2884900285279 /* GroupStructure.swift in Sources */,
				D04CC43D25D04CF000BCAC81 /* CardViewController.swift in Sources */,
				D059D20825E2D01C00285279 /* HeaderView.swift in Sources */,
				D059D21725E3FC2D00285279 /* DinnerListTableViewCell.swift in Sources */,
				D04CC43925D04CF000BCAC81 /* AppDelegate.swift in Sources */,
				D09042AB25EDDDAB008DF8A2 /* Dinner+CoreDataClass.swift in Sources */,
				D059D16825D1790000285279 /* FilterSettingsViewController.swift in Sources */,
				D059D14E25D12E9E00285279 /* SettingsTableViewCell.swift in Sources */,
				D059D15425D136C500285279 /* SettingsManager.swift in Sources */,
				D090428E25EC9E45008DF8A2 /* MultiUserAllergensViewController.swift in Sources */,
				D090426425E5A804008DF8A2 /* FavouritesViewController.swift in Sources */,
				D059D20B25E2D75500285279 /* StretchyHeaderLayout.swift in Sources */,
				D04CC43B25D04CF000BCAC81 /* SceneDelegate.swift in Sources */,
				D03268FE25F51916005F81BA /* PreloadManager.swift in Sources */,
				D04CC45525D1294300BCAC81 /* SettingsViewController.swift in Sources */,
				D090428525EB7C93008DF8A2 /* SwipeSettingsViewController.swift in Sources */,
				D04CC44325D04CF000BCAC81 /* TinderDinner.xcdatamodeld in Sources */,
				D09042AC25EDDDAB008DF8A2 /* Dinner+CoreDataProperties.swift in Sources */,
				D070AF4D25E5806300969981 /* UIDeviceExtension.swift in Sources */,
				D059D20225E289E700285279 /* GroupStructureManager.swift in Sources */,
				D090428A25EC9E2C008DF8A2 /* MultiUserSettingsViewController.swift in Sources */,
				D090427825E73540008DF8A2 /* FilterTableViewCell.swift in Sources */,
				D059D21025E3F62800285279 /* DinnerYesListViewController.swift in Sources */,
				D090426825E5ABF0008DF8A2 /* FavouritesTableViewCell.swift in Sources */,
			);
			runOnlyForDeploymentPostprocessing = 0;
		};
/* End PBXSourcesBuildPhase section */

/* Begin PBXVariantGroup section */
		D04CC43E25D04CF000BCAC81 /* Main.storyboard */ = {
			isa = PBXVariantGroup;
			children = (
				D04CC43F25D04CF000BCAC81 /* Base */,
			);
			name = Main.storyboard;
			sourceTree = "<group>";
		};
		D04CC44625D04CF500BCAC81 /* LaunchScreen.storyboard */ = {
			isa = PBXVariantGroup;
			children = (
				D04CC44725D04CF500BCAC81 /* Base */,
			);
			name = LaunchScreen.storyboard;
			sourceTree = "<group>";
		};
/* End PBXVariantGroup section */

/* Begin XCBuildConfiguration section */
		D04CC44A25D04CF500BCAC81 /* Debug */ = {
			isa = XCBuildConfiguration;
			buildSettings = {
				ALWAYS_SEARCH_USER_PATHS = NO;
				CLANG_ANALYZER_NONNULL = YES;
				CLANG_ANALYZER_NUMBER_OBJECT_CONVERSION = YES_AGGRESSIVE;
				CLANG_CXX_LANGUAGE_STANDARD = "gnu++14";
				CLANG_CXX_LIBRARY = "libc++";
				CLANG_ENABLE_MODULES = YES;
				CLANG_ENABLE_OBJC_ARC = YES;
				CLANG_ENABLE_OBJC_WEAK = YES;
				CLANG_WARN_BLOCK_CAPTURE_AUTORELEASING = YES;
				CLANG_WARN_BOOL_CONVERSION = YES;
				CLANG_WARN_COMMA = YES;
				CLANG_WARN_CONSTANT_CONVERSION = YES;
				CLANG_WARN_DEPRECATED_OBJC_IMPLEMENTATIONS = YES;
				CLANG_WARN_DIRECT_OBJC_ISA_USAGE = YES_ERROR;
				CLANG_WARN_DOCUMENTATION_COMMENTS = YES;
				CLANG_WARN_EMPTY_BODY = YES;
				CLANG_WARN_ENUM_CONVERSION = YES;
				CLANG_WARN_INFINITE_RECURSION = YES;
				CLANG_WARN_INT_CONVERSION = YES;
				CLANG_WARN_NON_LITERAL_NULL_CONVERSION = YES;
				CLANG_WARN_OBJC_IMPLICIT_RETAIN_SELF = YES;
				CLANG_WARN_OBJC_LITERAL_CONVERSION = YES;
				CLANG_WARN_OBJC_ROOT_CLASS = YES_ERROR;
				CLANG_WARN_QUOTED_INCLUDE_IN_FRAMEWORK_HEADER = YES;
				CLANG_WARN_RANGE_LOOP_ANALYSIS = YES;
				CLANG_WARN_STRICT_PROTOTYPES = YES;
				CLANG_WARN_SUSPICIOUS_MOVE = YES;
				CLANG_WARN_UNGUARDED_AVAILABILITY = YES_AGGRESSIVE;
				CLANG_WARN_UNREACHABLE_CODE = YES;
				CLANG_WARN__DUPLICATE_METHOD_MATCH = YES;
				COPY_PHASE_STRIP = NO;
				DEBUG_INFORMATION_FORMAT = dwarf;
				ENABLE_STRICT_OBJC_MSGSEND = YES;
				ENABLE_TESTABILITY = YES;
				GCC_C_LANGUAGE_STANDARD = gnu11;
				GCC_DYNAMIC_NO_PIC = NO;
				GCC_NO_COMMON_BLOCKS = YES;
				GCC_OPTIMIZATION_LEVEL = 0;
				GCC_PREPROCESSOR_DEFINITIONS = (
					"DEBUG=1",
					"$(inherited)",
				);
				GCC_WARN_64_TO_32_BIT_CONVERSION = YES;
				GCC_WARN_ABOUT_RETURN_TYPE = YES_ERROR;
				GCC_WARN_UNDECLARED_SELECTOR = YES;
				GCC_WARN_UNINITIALIZED_AUTOS = YES_AGGRESSIVE;
				GCC_WARN_UNUSED_FUNCTION = YES;
				GCC_WARN_UNUSED_VARIABLE = YES;
				IPHONEOS_DEPLOYMENT_TARGET = 14.3;
				MTL_ENABLE_DEBUG_INFO = INCLUDE_SOURCE;
				MTL_FAST_MATH = YES;
				ONLY_ACTIVE_ARCH = YES;
				SDKROOT = iphoneos;
				SWIFT_ACTIVE_COMPILATION_CONDITIONS = DEBUG;
				SWIFT_OPTIMIZATION_LEVEL = "-Onone";
			};
			name = Debug;
		};
		D04CC44B25D04CF500BCAC81 /* Release */ = {
			isa = XCBuildConfiguration;
			buildSettings = {
				ALWAYS_SEARCH_USER_PATHS = NO;
				CLANG_ANALYZER_NONNULL = YES;
				CLANG_ANALYZER_NUMBER_OBJECT_CONVERSION = YES_AGGRESSIVE;
				CLANG_CXX_LANGUAGE_STANDARD = "gnu++14";
				CLANG_CXX_LIBRARY = "libc++";
				CLANG_ENABLE_MODULES = YES;
				CLANG_ENABLE_OBJC_ARC = YES;
				CLANG_ENABLE_OBJC_WEAK = YES;
				CLANG_WARN_BLOCK_CAPTURE_AUTORELEASING = YES;
				CLANG_WARN_BOOL_CONVERSION = YES;
				CLANG_WARN_COMMA = YES;
				CLANG_WARN_CONSTANT_CONVERSION = YES;
				CLANG_WARN_DEPRECATED_OBJC_IMPLEMENTATIONS = YES;
				CLANG_WARN_DIRECT_OBJC_ISA_USAGE = YES_ERROR;
				CLANG_WARN_DOCUMENTATION_COMMENTS = YES;
				CLANG_WARN_EMPTY_BODY = YES;
				CLANG_WARN_ENUM_CONVERSION = YES;
				CLANG_WARN_INFINITE_RECURSION = YES;
				CLANG_WARN_INT_CONVERSION = YES;
				CLANG_WARN_NON_LITERAL_NULL_CONVERSION = YES;
				CLANG_WARN_OBJC_IMPLICIT_RETAIN_SELF = YES;
				CLANG_WARN_OBJC_LITERAL_CONVERSION = YES;
				CLANG_WARN_OBJC_ROOT_CLASS = YES_ERROR;
				CLANG_WARN_QUOTED_INCLUDE_IN_FRAMEWORK_HEADER = YES;
				CLANG_WARN_RANGE_LOOP_ANALYSIS = YES;
				CLANG_WARN_STRICT_PROTOTYPES = YES;
				CLANG_WARN_SUSPICIOUS_MOVE = YES;
				CLANG_WARN_UNGUARDED_AVAILABILITY = YES_AGGRESSIVE;
				CLANG_WARN_UNREACHABLE_CODE = YES;
				CLANG_WARN__DUPLICATE_METHOD_MATCH = YES;
				COPY_PHASE_STRIP = NO;
				DEBUG_INFORMATION_FORMAT = "dwarf-with-dsym";
				ENABLE_NS_ASSERTIONS = NO;
				ENABLE_STRICT_OBJC_MSGSEND = YES;
				GCC_C_LANGUAGE_STANDARD = gnu11;
				GCC_NO_COMMON_BLOCKS = YES;
				GCC_WARN_64_TO_32_BIT_CONVERSION = YES;
				GCC_WARN_ABOUT_RETURN_TYPE = YES_ERROR;
				GCC_WARN_UNDECLARED_SELECTOR = YES;
				GCC_WARN_UNINITIALIZED_AUTOS = YES_AGGRESSIVE;
				GCC_WARN_UNUSED_FUNCTION = YES;
				GCC_WARN_UNUSED_VARIABLE = YES;
				IPHONEOS_DEPLOYMENT_TARGET = 14.3;
				MTL_ENABLE_DEBUG_INFO = NO;
				MTL_FAST_MATH = YES;
				SDKROOT = iphoneos;
				SWIFT_COMPILATION_MODE = wholemodule;
				SWIFT_OPTIMIZATION_LEVEL = "-O";
				VALIDATE_PRODUCT = YES;
			};
			name = Release;
		};
		D04CC44D25D04CF500BCAC81 /* Debug */ = {
			isa = XCBuildConfiguration;
			baseConfigurationReference = C6FBA5618E9473D53F2B4A25 /* Pods-TinderDinner.debug.xcconfig */;
			buildSettings = {
				ASSETCATALOG_COMPILER_APPICON_NAME = AppIcon;
				ASSETCATALOG_COMPILER_GLOBAL_ACCENT_COLOR_NAME = AccentColor;
				CODE_SIGN_STYLE = Automatic;
				DEVELOPMENT_TEAM = KS6P44VLMH;
				INFOPLIST_FILE = TinderDinner/Info.plist;
				LD_RUNPATH_SEARCH_PATHS = (
					"$(inherited)",
					"@executable_path/Frameworks",
				);
				PRODUCT_BUNDLE_IDENTIFIER = com.bouwer.TinderDinner;
				PRODUCT_NAME = "$(TARGET_NAME)";
				SWIFT_VERSION = 5.0;
				TARGETED_DEVICE_FAMILY = "1,2";
			};
			name = Debug;
		};
		D04CC44E25D04CF500BCAC81 /* Release */ = {
			isa = XCBuildConfiguration;
			baseConfigurationReference = E59F4DDF2CDDEC363E2F3882 /* Pods-TinderDinner.release.xcconfig */;
			buildSettings = {
				ASSETCATALOG_COMPILER_APPICON_NAME = AppIcon;
				ASSETCATALOG_COMPILER_GLOBAL_ACCENT_COLOR_NAME = AccentColor;
				CODE_SIGN_STYLE = Automatic;
				DEVELOPMENT_TEAM = KS6P44VLMH;
				INFOPLIST_FILE = TinderDinner/Info.plist;
				LD_RUNPATH_SEARCH_PATHS = (
					"$(inherited)",
					"@executable_path/Frameworks",
				);
				PRODUCT_BUNDLE_IDENTIFIER = com.bouwer.TinderDinner;
				PRODUCT_NAME = "$(TARGET_NAME)";
				SWIFT_VERSION = 5.0;
				TARGETED_DEVICE_FAMILY = "1,2";
			};
			name = Release;
		};
/* End XCBuildConfiguration section */

/* Begin XCConfigurationList section */
		D04CC43025D04CF000BCAC81 /* Build configuration list for PBXProject "TinderDinner" */ = {
			isa = XCConfigurationList;
			buildConfigurations = (
				D04CC44A25D04CF500BCAC81 /* Debug */,
				D04CC44B25D04CF500BCAC81 /* Release */,
			);
			defaultConfigurationIsVisible = 0;
			defaultConfigurationName = Release;
		};
		D04CC44C25D04CF500BCAC81 /* Build configuration list for PBXNativeTarget "TinderDinner" */ = {
			isa = XCConfigurationList;
			buildConfigurations = (
				D04CC44D25D04CF500BCAC81 /* Debug */,
				D04CC44E25D04CF500BCAC81 /* Release */,
			);
			defaultConfigurationIsVisible = 0;
			defaultConfigurationName = Release;
		};
/* End XCConfigurationList section */

/* Begin XCVersionGroup section */
		D04CC44125D04CF000BCAC81 /* TinderDinner.xcdatamodeld */ = {
			isa = XCVersionGroup;
			children = (
				D04CC44225D04CF000BCAC81 /* TinderDinner.xcdatamodel */,
			);
			currentVersion = D04CC44225D04CF000BCAC81 /* TinderDinner.xcdatamodel */;
			path = TinderDinner.xcdatamodeld;
			sourceTree = "<group>";
			versionGroupType = wrapper.xcdatamodel;
		};
/* End XCVersionGroup section */
	};
	rootObject = D04CC42D25D04CF000BCAC81 /* Project object */;
}
